// !$*UTF8*$!
{
	archiveVersion = 1;
	classes = {
	};
	objectVersion = 55;
	objects = {

/* Begin PBXBuildFile section */
		4987120F2766860E00604A3A /* DefaultSheetView.swift in Sources */ = {isa = PBXBuildFile; fileRef = 4987120E2766860E00604A3A /* DefaultSheetView.swift */; };
		498712112766867500604A3A /* FullScreenCoverViews.swift in Sources */ = {isa = PBXBuildFile; fileRef = 498712102766867500604A3A /* FullScreenCoverViews.swift */; };
		4987121427668C7000604A3A /* README.md in Resources */ = {isa = PBXBuildFile; fileRef = 4987121227668C7000604A3A /* README.md */; };
		4987121527668C7000604A3A /* CONTRIBUTING.md in Resources */ = {isa = PBXBuildFile; fileRef = 4987121327668C7000604A3A /* CONTRIBUTING.md */; };
		4987121727668E5200604A3A /* BottomSheetView.swift in Sources */ = {isa = PBXBuildFile; fileRef = 4987121627668E5200604A3A /* BottomSheetView.swift */; };
		4987121C2767EBE800604A3A /* BottomSheetUnavailableView.swift in Sources */ = {isa = PBXBuildFile; fileRef = 4987121B2767EBE800604A3A /* BottomSheetUnavailableView.swift */; };
		498712262768919A00604A3A /* BottomSheet in Frameworks */ = {isa = PBXBuildFile; productRef = 498712252768919A00604A3A /* BottomSheet */; };
		4987122E276A702000604A3A /* UndismissableSheetView.swift in Sources */ = {isa = PBXBuildFile; fileRef = 4987122D276A702000604A3A /* UndismissableSheetView.swift */; };
		49871231276A7A3700604A3A /* Haptics.swift in Sources */ = {isa = PBXBuildFile; fileRef = 49871230276A7A3700604A3A /* Haptics.swift */; };
		49871234276A7A7500604A3A /* HapticsView.swift in Sources */ = {isa = PBXBuildFile; fileRef = 49871233276A7A7500604A3A /* HapticsView.swift */; };
		5923507D273808D200EC2AAD /* DemoappApp.swift in Sources */ = {isa = PBXBuildFile; fileRef = 5923507C273808D200EC2AAD /* DemoappApp.swift */; };
		5923507F273808D200EC2AAD /* AppScreen.swift in Sources */ = {isa = PBXBuildFile; fileRef = 5923507E273808D200EC2AAD /* AppScreen.swift */; };
		59235081273808D400EC2AAD /* Assets.xcassets in Resources */ = {isa = PBXBuildFile; fileRef = 59235080273808D400EC2AAD /* Assets.xcassets */; };
		59235084273808D400EC2AAD /* Preview Assets.xcassets in Resources */ = {isa = PBXBuildFile; fileRef = 59235083273808D400EC2AAD /* Preview Assets.xcassets */; };
		5956BD35273819870085F0B0 /* SpringAnimationsView.swift in Sources */ = {isa = PBXBuildFile; fileRef = 5956BD34273819870085F0B0 /* SpringAnimationsView.swift */; };
		5956BD37273819EE0085F0B0 /* SettingsView.swift in Sources */ = {isa = PBXBuildFile; fileRef = 5956BD36273819EE0085F0B0 /* SettingsView.swift */; };
		5956BD3927381A470085F0B0 /* InfosView.swift in Sources */ = {isa = PBXBuildFile; fileRef = 5956BD3827381A470085F0B0 /* InfosView.swift */; };
		596920AE2739BBA50098D092 /* Colors.swift in Sources */ = {isa = PBXBuildFile; fileRef = 596920AD2739BBA50098D092 /* Colors.swift */; };
		596920B02739BC500098D092 /* Colors.xcassets in Resources */ = {isa = PBXBuildFile; fileRef = 596920AF2739BC500098D092 /* Colors.xcassets */; };
		596920B32739CE250098D092 /* SpringAnimationControlPanel.swift in Sources */ = {isa = PBXBuildFile; fileRef = 596920B22739CE250098D092 /* SpringAnimationControlPanel.swift */; };
		596920B5273B074A0098D092 /* SpringAnimationControlPanelSettings.swift in Sources */ = {isa = PBXBuildFile; fileRef = 596920B4273B074A0098D092 /* SpringAnimationControlPanelSettings.swift */; };
		59B4C381274026C4004D3C19 /* SpringAnimationControlPanelInfos.swift in Sources */ = {isa = PBXBuildFile; fileRef = 59B4C380274026C4004D3C19 /* SpringAnimationControlPanelInfos.swift */; };
/* End PBXBuildFile section */

/* Begin PBXFileReference section */
		4987120E2766860E00604A3A /* DefaultSheetView.swift */ = {isa = PBXFileReference; lastKnownFileType = sourcecode.swift; path = DefaultSheetView.swift; sourceTree = "<group>"; };
		498712102766867500604A3A /* FullScreenCoverViews.swift */ = {isa = PBXFileReference; lastKnownFileType = sourcecode.swift; path = FullScreenCoverViews.swift; sourceTree = "<group>"; };
		4987121227668C7000604A3A /* README.md */ = {isa = PBXFileReference; fileEncoding = 4; lastKnownFileType = net.daringfireball.markdown; path = README.md; sourceTree = "<group>"; };
		4987121327668C7000604A3A /* CONTRIBUTING.md */ = {isa = PBXFileReference; fileEncoding = 4; lastKnownFileType = net.daringfireball.markdown; path = CONTRIBUTING.md; sourceTree = "<group>"; };
		4987121627668E5200604A3A /* BottomSheetView.swift */ = {isa = PBXFileReference; lastKnownFileType = sourcecode.swift; path = BottomSheetView.swift; sourceTree = "<group>"; };
		4987121B2767EBE800604A3A /* BottomSheetUnavailableView.swift */ = {isa = PBXFileReference; lastKnownFileType = sourcecode.swift; path = BottomSheetUnavailableView.swift; sourceTree = "<group>"; };
		4987122D276A702000604A3A /* UndismissableSheetView.swift */ = {isa = PBXFileReference; lastKnownFileType = sourcecode.swift; path = UndismissableSheetView.swift; sourceTree = "<group>"; };
		49871230276A7A3700604A3A /* Haptics.swift */ = {isa = PBXFileReference; lastKnownFileType = sourcecode.swift; path = Haptics.swift; sourceTree = "<group>"; };
		49871233276A7A7500604A3A /* HapticsView.swift */ = {isa = PBXFileReference; lastKnownFileType = sourcecode.swift; path = HapticsView.swift; sourceTree = "<group>"; };
		59235079273808D200EC2AAD /* Demoapp.app */ = {isa = PBXFileReference; explicitFileType = wrapper.application; includeInIndex = 0; path = Demoapp.app; sourceTree = BUILT_PRODUCTS_DIR; };
		5923507C273808D200EC2AAD /* DemoappApp.swift */ = {isa = PBXFileReference; lastKnownFileType = sourcecode.swift; path = DemoappApp.swift; sourceTree = "<group>"; };
		5923507E273808D200EC2AAD /* AppScreen.swift */ = {isa = PBXFileReference; lastKnownFileType = sourcecode.swift; path = AppScreen.swift; sourceTree = "<group>"; };
		59235080273808D400EC2AAD /* Assets.xcassets */ = {isa = PBXFileReference; lastKnownFileType = folder.assetcatalog; path = Assets.xcassets; sourceTree = "<group>"; };
		59235083273808D400EC2AAD /* Preview Assets.xcassets */ = {isa = PBXFileReference; lastKnownFileType = folder.assetcatalog; path = "Preview Assets.xcassets"; sourceTree = "<group>"; };
		5956BD34273819870085F0B0 /* SpringAnimationsView.swift */ = {isa = PBXFileReference; lastKnownFileType = sourcecode.swift; path = SpringAnimationsView.swift; sourceTree = "<group>"; };
		5956BD36273819EE0085F0B0 /* SettingsView.swift */ = {isa = PBXFileReference; lastKnownFileType = sourcecode.swift; path = SettingsView.swift; sourceTree = "<group>"; };
		5956BD3827381A470085F0B0 /* InfosView.swift */ = {isa = PBXFileReference; lastKnownFileType = sourcecode.swift; path = InfosView.swift; sourceTree = "<group>"; };
		596920AD2739BBA50098D092 /* Colors.swift */ = {isa = PBXFileReference; lastKnownFileType = sourcecode.swift; path = Colors.swift; sourceTree = "<group>"; };
		596920AF2739BC500098D092 /* Colors.xcassets */ = {isa = PBXFileReference; lastKnownFileType = folder.assetcatalog; path = Colors.xcassets; sourceTree = "<group>"; };
		596920B22739CE250098D092 /* SpringAnimationControlPanel.swift */ = {isa = PBXFileReference; lastKnownFileType = sourcecode.swift; path = SpringAnimationControlPanel.swift; sourceTree = "<group>"; };
		596920B4273B074A0098D092 /* SpringAnimationControlPanelSettings.swift */ = {isa = PBXFileReference; lastKnownFileType = sourcecode.swift; path = SpringAnimationControlPanelSettings.swift; sourceTree = "<group>"; };
		59B4C380274026C4004D3C19 /* SpringAnimationControlPanelInfos.swift */ = {isa = PBXFileReference; lastKnownFileType = sourcecode.swift; path = SpringAnimationControlPanelInfos.swift; sourceTree = "<group>"; };
/* End PBXFileReference section */

/* Begin PBXFrameworksBuildPhase section */
		59235076273808D200EC2AAD /* Frameworks */ = {
			isa = PBXFrameworksBuildPhase;
			buildActionMask = 2147483647;
			files = (
				498712262768919A00604A3A /* BottomSheet in Frameworks */,
			);
			runOnlyForDeploymentPostprocessing = 0;
		};
/* End PBXFrameworksBuildPhase section */

/* Begin PBXGroup section */
		4987120C27667E8800604A3A /* Sheets */ = {
			isa = PBXGroup;
			children = (
				4987121D2767EC2200604A3A /* DefaultSheet */,
				4987121E2767EC2A00604A3A /* FullScreenCovers */,
				498712182767E7ED00604A3A /* BottomSheet */,
			);
			path = Sheets;
			sourceTree = "<group>";
		};
		498712182767E7ED00604A3A /* BottomSheet */ = {
			isa = PBXGroup;
			children = (
				4987121627668E5200604A3A /* BottomSheetView.swift */,
				4987121B2767EBE800604A3A /* BottomSheetUnavailableView.swift */,
			);
			path = BottomSheet;
			sourceTree = "<group>";
		};
		4987121D2767EC2200604A3A /* DefaultSheet */ = {
			isa = PBXGroup;
			children = (
				4987120E2766860E00604A3A /* DefaultSheetView.swift */,
				4987122D276A702000604A3A /* UndismissableSheetView.swift */,
			);
			path = DefaultSheet;
			sourceTree = "<group>";
		};
		4987121E2767EC2A00604A3A /* FullScreenCovers */ = {
			isa = PBXGroup;
			children = (
				498712102766867500604A3A /* FullScreenCoverViews.swift */,
			);
			path = FullScreenCovers;
			sourceTree = "<group>";
		};
		4987121F2767ED4800604A3A /* Demos */ = {
			isa = PBXGroup;
			children = (
				4987120C27667E8800604A3A /* Sheets */,
				596920B12739CE020098D092 /* SpringAnimation */,
				49871232276A7A5F00604A3A /* Haptics */,
			);
			path = Demos;
			sourceTree = "<group>";
		};
		498712202767ED5100604A3A /* Settings */ = {
			isa = PBXGroup;
			children = (
				5956BD36273819EE0085F0B0 /* SettingsView.swift */,
			);
			path = Settings;
			sourceTree = "<group>";
		};
		498712212767ED5900604A3A /* Infos */ = {
			isa = PBXGroup;
			children = (
				5956BD3827381A470085F0B0 /* InfosView.swift */,
			);
			path = Infos;
			sourceTree = "<group>";
		};
		4987122F276A7A2D00604A3A /* Shared */ = {
			isa = PBXGroup;
			children = (
				49871230276A7A3700604A3A /* Haptics.swift */,
			);
			path = Shared;
			sourceTree = "<group>";
		};
		49871232276A7A5F00604A3A /* Haptics */ = {
			isa = PBXGroup;
			children = (
				49871233276A7A7500604A3A /* HapticsView.swift */,
			);
			path = Haptics;
			sourceTree = "<group>";
		};
		59235070273808D200EC2AAD = {
			isa = PBXGroup;
			children = (
				4987121327668C7000604A3A /* CONTRIBUTING.md */,
				4987121227668C7000604A3A /* README.md */,
				5923507B273808D200EC2AAD /* Demoapp */,
				5923507A273808D200EC2AAD /* Products */,
			);
			sourceTree = "<group>";
		};
		5923507A273808D200EC2AAD /* Products */ = {
			isa = PBXGroup;
			children = (
				59235079273808D200EC2AAD /* Demoapp.app */,
			);
			name = Products;
			sourceTree = "<group>";
		};
		5923507B273808D200EC2AAD /* Demoapp */ = {
			isa = PBXGroup;
			children = (
				5923508C27380E8D00EC2AAD /* Sources */,
				596920AC2739BB8E0098D092 /* Style */,
				59235082273808D400EC2AAD /* Preview Content */,
			);
			path = Demoapp;
			sourceTree = "<group>";
		};
		59235082273808D400EC2AAD /* Preview Content */ = {
			isa = PBXGroup;
			children = (
				59235083273808D400EC2AAD /* Preview Assets.xcassets */,
			);
			path = "Preview Content";
			sourceTree = "<group>";
		};
		5923508C27380E8D00EC2AAD /* Sources */ = {
			isa = PBXGroup;
			children = (
				5923507C273808D200EC2AAD /* DemoappApp.swift */,
				5923507E273808D200EC2AAD /* AppScreen.swift */,
				5956BD31273819450085F0B0 /* Views */,
				4987122F276A7A2D00604A3A /* Shared */,
			);
			path = Sources;
			sourceTree = "<group>";
		};
		5956BD31273819450085F0B0 /* Views */ = {
			isa = PBXGroup;
			children = (
				498712212767ED5900604A3A /* Infos */,
				498712202767ED5100604A3A /* Settings */,
				4987121F2767ED4800604A3A /* Demos */,
			);
			path = Views;
			sourceTree = "<group>";
		};
		596920AC2739BB8E0098D092 /* Style */ = {
			isa = PBXGroup;
			children = (
				59235080273808D400EC2AAD /* Assets.xcassets */,
				596920AD2739BBA50098D092 /* Colors.swift */,
				596920AF2739BC500098D092 /* Colors.xcassets */,
			);
			path = Style;
			sourceTree = "<group>";
		};
		596920B12739CE020098D092 /* SpringAnimation */ = {
			isa = PBXGroup;
			children = (
				5956BD34273819870085F0B0 /* SpringAnimationsView.swift */,
				596920B22739CE250098D092 /* SpringAnimationControlPanel.swift */,
				596920B4273B074A0098D092 /* SpringAnimationControlPanelSettings.swift */,
				59B4C380274026C4004D3C19 /* SpringAnimationControlPanelInfos.swift */,
			);
			path = SpringAnimation;
			sourceTree = "<group>";
		};
/* End PBXGroup section */

/* Begin PBXNativeTarget section */
		59235078273808D200EC2AAD /* Demoapp */ = {
			isa = PBXNativeTarget;
			buildConfigurationList = 59235087273808D400EC2AAD /* Build configuration list for PBXNativeTarget "Demoapp" */;
			buildPhases = (
				59235075273808D200EC2AAD /* Sources */,
				59235076273808D200EC2AAD /* Frameworks */,
				59235077273808D200EC2AAD /* Resources */,
			);
			buildRules = (
			);
			dependencies = (
			);
			name = Demoapp;
			packageProductDependencies = (
				498712252768919A00604A3A /* BottomSheet */,
			);
			productName = Demoapp;
			productReference = 59235079273808D200EC2AAD /* Demoapp.app */;
			productType = "com.apple.product-type.application";
		};
/* End PBXNativeTarget section */

/* Begin PBXProject section */
		59235071273808D200EC2AAD /* Project object */ = {
			isa = PBXProject;
			attributes = {
				BuildIndependentTargetsInParallel = 1;
				LastSwiftUpdateCheck = 1310;
				LastUpgradeCheck = 1310;
				TargetAttributes = {
					59235078273808D200EC2AAD = {
						CreatedOnToolsVersion = 13.1;
					};
				};
			};
			buildConfigurationList = 59235074273808D200EC2AAD /* Build configuration list for PBXProject "Demoapp" */;
			compatibilityVersion = "Xcode 13.0";
			developmentRegion = en;
			hasScannedForEncodings = 0;
			knownRegions = (
				en,
				Base,
			);
			mainGroup = 59235070273808D200EC2AAD;
			packageReferences = (
				498712242768919A00604A3A /* XCRemoteSwiftPackageReference "BottomSheet" */,
			);
			productRefGroup = 5923507A273808D200EC2AAD /* Products */;
			projectDirPath = "";
			projectRoot = "";
			targets = (
				59235078273808D200EC2AAD /* Demoapp */,
			);
		};
/* End PBXProject section */

/* Begin PBXResourcesBuildPhase section */
		59235077273808D200EC2AAD /* Resources */ = {
			isa = PBXResourcesBuildPhase;
			buildActionMask = 2147483647;
			files = (
				596920B02739BC500098D092 /* Colors.xcassets in Resources */,
				59235084273808D400EC2AAD /* Preview Assets.xcassets in Resources */,
				4987121527668C7000604A3A /* CONTRIBUTING.md in Resources */,
				4987121427668C7000604A3A /* README.md in Resources */,
				59235081273808D400EC2AAD /* Assets.xcassets in Resources */,
			);
			runOnlyForDeploymentPostprocessing = 0;
		};
/* End PBXResourcesBuildPhase section */

/* Begin PBXSourcesBuildPhase section */
		59235075273808D200EC2AAD /* Sources */ = {
			isa = PBXSourcesBuildPhase;
			buildActionMask = 2147483647;
			files = (
				4987120F2766860E00604A3A /* DefaultSheetView.swift in Sources */,
				596920B32739CE250098D092 /* SpringAnimationControlPanel.swift in Sources */,
				498712112766867500604A3A /* FullScreenCoverViews.swift in Sources */,
				49871234276A7A7500604A3A /* HapticsView.swift in Sources */,
				5956BD3927381A470085F0B0 /* InfosView.swift in Sources */,
				5956BD37273819EE0085F0B0 /* SettingsView.swift in Sources */,
				4987121C2767EBE800604A3A /* BottomSheetUnavailableView.swift in Sources */,
				5923507F273808D200EC2AAD /* AppScreen.swift in Sources */,
				59B4C381274026C4004D3C19 /* SpringAnimationControlPanelInfos.swift in Sources */,
				596920AE2739BBA50098D092 /* Colors.swift in Sources */,
				4987122E276A702000604A3A /* UndismissableSheetView.swift in Sources */,
				5956BD35273819870085F0B0 /* SpringAnimationsView.swift in Sources */,
				596920B5273B074A0098D092 /* SpringAnimationControlPanelSettings.swift in Sources */,
				49871231276A7A3700604A3A /* Haptics.swift in Sources */,
				4987121727668E5200604A3A /* BottomSheetView.swift in Sources */,
				5923507D273808D200EC2AAD /* DemoappApp.swift in Sources */,
			);
			runOnlyForDeploymentPostprocessing = 0;
		};
/* End PBXSourcesBuildPhase section */

/* Begin XCBuildConfiguration section */
		59235085273808D400EC2AAD /* Debug */ = {
			isa = XCBuildConfiguration;
			buildSettings = {
				ALWAYS_SEARCH_USER_PATHS = NO;
				CLANG_ANALYZER_NONNULL = YES;
				CLANG_ANALYZER_NUMBER_OBJECT_CONVERSION = YES_AGGRESSIVE;
				CLANG_CXX_LANGUAGE_STANDARD = "gnu++17";
				CLANG_CXX_LIBRARY = "libc++";
				CLANG_ENABLE_MODULES = YES;
				CLANG_ENABLE_OBJC_ARC = YES;
				CLANG_ENABLE_OBJC_WEAK = YES;
				CLANG_WARN_BLOCK_CAPTURE_AUTORELEASING = YES;
				CLANG_WARN_BOOL_CONVERSION = YES;
				CLANG_WARN_COMMA = YES;
				CLANG_WARN_CONSTANT_CONVERSION = YES;
				CLANG_WARN_DEPRECATED_OBJC_IMPLEMENTATIONS = YES;
				CLANG_WARN_DIRECT_OBJC_ISA_USAGE = YES_ERROR;
				CLANG_WARN_DOCUMENTATION_COMMENTS = YES;
				CLANG_WARN_EMPTY_BODY = YES;
				CLANG_WARN_ENUM_CONVERSION = YES;
				CLANG_WARN_INFINITE_RECURSION = YES;
				CLANG_WARN_INT_CONVERSION = YES;
				CLANG_WARN_NON_LITERAL_NULL_CONVERSION = YES;
				CLANG_WARN_OBJC_IMPLICIT_RETAIN_SELF = YES;
				CLANG_WARN_OBJC_LITERAL_CONVERSION = YES;
				CLANG_WARN_OBJC_ROOT_CLASS = YES_ERROR;
				CLANG_WARN_QUOTED_INCLUDE_IN_FRAMEWORK_HEADER = YES;
				CLANG_WARN_RANGE_LOOP_ANALYSIS = YES;
				CLANG_WARN_STRICT_PROTOTYPES = YES;
				CLANG_WARN_SUSPICIOUS_MOVE = YES;
				CLANG_WARN_UNGUARDED_AVAILABILITY = YES_AGGRESSIVE;
				CLANG_WARN_UNREACHABLE_CODE = YES;
				CLANG_WARN__DUPLICATE_METHOD_MATCH = YES;
				COPY_PHASE_STRIP = NO;
				DEBUG_INFORMATION_FORMAT = dwarf;
				ENABLE_STRICT_OBJC_MSGSEND = YES;
				ENABLE_TESTABILITY = YES;
				GCC_C_LANGUAGE_STANDARD = gnu11;
				GCC_DYNAMIC_NO_PIC = NO;
				GCC_NO_COMMON_BLOCKS = YES;
				GCC_OPTIMIZATION_LEVEL = 0;
				GCC_PREPROCESSOR_DEFINITIONS = (
					"DEBUG=1",
					"$(inherited)",
				);
				GCC_WARN_64_TO_32_BIT_CONVERSION = YES;
				GCC_WARN_ABOUT_RETURN_TYPE = YES_ERROR;
				GCC_WARN_UNDECLARED_SELECTOR = YES;
				GCC_WARN_UNINITIALIZED_AUTOS = YES_AGGRESSIVE;
				GCC_WARN_UNUSED_FUNCTION = YES;
				GCC_WARN_UNUSED_VARIABLE = YES;
				IPHONEOS_DEPLOYMENT_TARGET = 15.0;
				MTL_ENABLE_DEBUG_INFO = INCLUDE_SOURCE;
				MTL_FAST_MATH = YES;
				ONLY_ACTIVE_ARCH = YES;
				SDKROOT = iphoneos;
				SWIFT_ACTIVE_COMPILATION_CONDITIONS = DEBUG;
				SWIFT_OPTIMIZATION_LEVEL = "-Onone";
			};
			name = Debug;
		};
		59235086273808D400EC2AAD /* Release */ = {
			isa = XCBuildConfiguration;
			buildSettings = {
				ALWAYS_SEARCH_USER_PATHS = NO;
				CLANG_ANALYZER_NONNULL = YES;
				CLANG_ANALYZER_NUMBER_OBJECT_CONVERSION = YES_AGGRESSIVE;
				CLANG_CXX_LANGUAGE_STANDARD = "gnu++17";
				CLANG_CXX_LIBRARY = "libc++";
				CLANG_ENABLE_MODULES = YES;
				CLANG_ENABLE_OBJC_ARC = YES;
				CLANG_ENABLE_OBJC_WEAK = YES;
				CLANG_WARN_BLOCK_CAPTURE_AUTORELEASING = YES;
				CLANG_WARN_BOOL_CONVERSION = YES;
				CLANG_WARN_COMMA = YES;
				CLANG_WARN_CONSTANT_CONVERSION = YES;
				CLANG_WARN_DEPRECATED_OBJC_IMPLEMENTATIONS = YES;
				CLANG_WARN_DIRECT_OBJC_ISA_USAGE = YES_ERROR;
				CLANG_WARN_DOCUMENTATION_COMMENTS = YES;
				CLANG_WARN_EMPTY_BODY = YES;
				CLANG_WARN_ENUM_CONVERSION = YES;
				CLANG_WARN_INFINITE_RECURSION = YES;
				CLANG_WARN_INT_CONVERSION = YES;
				CLANG_WARN_NON_LITERAL_NULL_CONVERSION = YES;
				CLANG_WARN_OBJC_IMPLICIT_RETAIN_SELF = YES;
				CLANG_WARN_OBJC_LITERAL_CONVERSION = YES;
				CLANG_WARN_OBJC_ROOT_CLASS = YES_ERROR;
				CLANG_WARN_QUOTED_INCLUDE_IN_FRAMEWORK_HEADER = YES;
				CLANG_WARN_RANGE_LOOP_ANALYSIS = YES;
				CLANG_WARN_STRICT_PROTOTYPES = YES;
				CLANG_WARN_SUSPICIOUS_MOVE = YES;
				CLANG_WARN_UNGUARDED_AVAILABILITY = YES_AGGRESSIVE;
				CLANG_WARN_UNREACHABLE_CODE = YES;
				CLANG_WARN__DUPLICATE_METHOD_MATCH = YES;
				COPY_PHASE_STRIP = NO;
				DEBUG_INFORMATION_FORMAT = "dwarf-with-dsym";
				ENABLE_NS_ASSERTIONS = NO;
				ENABLE_STRICT_OBJC_MSGSEND = YES;
				GCC_C_LANGUAGE_STANDARD = gnu11;
				GCC_NO_COMMON_BLOCKS = YES;
				GCC_WARN_64_TO_32_BIT_CONVERSION = YES;
				GCC_WARN_ABOUT_RETURN_TYPE = YES_ERROR;
				GCC_WARN_UNDECLARED_SELECTOR = YES;
				GCC_WARN_UNINITIALIZED_AUTOS = YES_AGGRESSIVE;
				GCC_WARN_UNUSED_FUNCTION = YES;
				GCC_WARN_UNUSED_VARIABLE = YES;
				IPHONEOS_DEPLOYMENT_TARGET = 15.0;
				MTL_ENABLE_DEBUG_INFO = NO;
				MTL_FAST_MATH = YES;
				SDKROOT = iphoneos;
				SWIFT_COMPILATION_MODE = wholemodule;
				SWIFT_OPTIMIZATION_LEVEL = "-O";
				VALIDATE_PRODUCT = YES;
			};
			name = Release;
		};
		59235088273808D400EC2AAD /* Debug */ = {
			isa = XCBuildConfiguration;
			buildSettings = {
				ASSETCATALOG_COMPILER_APPICON_NAME = AppIcon;
				ASSETCATALOG_COMPILER_GLOBAL_ACCENT_COLOR_NAME = AccentColor;
				CODE_SIGN_STYLE = Automatic;
				CURRENT_PROJECT_VERSION = 1;
				DEVELOPMENT_ASSET_PATHS = "\"Demoapp/Preview Content\"";
				DEVELOPMENT_TEAM = 89EXPD2XDP;
				ENABLE_PREVIEWS = YES;
				GENERATE_INFOPLIST_FILE = YES;
				INFOPLIST_KEY_UIApplicationSceneManifest_Generation = YES;
				INFOPLIST_KEY_UIApplicationSupportsIndirectInputEvents = YES;
				INFOPLIST_KEY_UILaunchScreen_Generation = YES;
				INFOPLIST_KEY_UISupportedInterfaceOrientations_iPad = "UIInterfaceOrientationPortrait UIInterfaceOrientationPortraitUpsideDown UIInterfaceOrientationLandscapeLeft UIInterfaceOrientationLandscapeRight";
				INFOPLIST_KEY_UISupportedInterfaceOrientations_iPhone = "UIInterfaceOrientationPortrait UIInterfaceOrientationLandscapeLeft UIInterfaceOrientationLandscapeRight";
				IPHONEOS_DEPLOYMENT_TARGET = 14.0;
				LD_RUNPATH_SEARCH_PATHS = (
					"$(inherited)",
					"@executable_path/Frameworks",
				);
				MARKETING_VERSION = 1.0;
				PRODUCT_BUNDLE_IDENTIFIER = com.kaww.Demoapp;
				PRODUCT_NAME = "$(TARGET_NAME)";
				SWIFT_EMIT_LOC_STRINGS = YES;
				SWIFT_VERSION = 5.0;
				TARGETED_DEVICE_FAMILY = "1,2";
			};
			name = Debug;
		};
		59235089273808D400EC2AAD /* Release */ = {
			isa = XCBuildConfiguration;
			buildSettings = {
				ASSETCATALOG_COMPILER_APPICON_NAME = AppIcon;
				ASSETCATALOG_COMPILER_GLOBAL_ACCENT_COLOR_NAME = AccentColor;
				CODE_SIGN_STYLE = Automatic;
				CURRENT_PROJECT_VERSION = 1;
				DEVELOPMENT_ASSET_PATHS = "\"Demoapp/Preview Content\"";
				DEVELOPMENT_TEAM = 89EXPD2XDP;
				ENABLE_PREVIEWS = YES;
				GENERATE_INFOPLIST_FILE = YES;
				INFOPLIST_KEY_UIApplicationSceneManifest_Generation = YES;
				INFOPLIST_KEY_UIApplicationSupportsIndirectInputEvents = YES;
				INFOPLIST_KEY_UILaunchScreen_Generation = YES;
				INFOPLIST_KEY_UISupportedInterfaceOrientations_iPad = "UIInterfaceOrientationPortrait UIInterfaceOrientationPortraitUpsideDown UIInterfaceOrientationLandscapeLeft UIInterfaceOrientationLandscapeRight";
				INFOPLIST_KEY_UISupportedInterfaceOrientations_iPhone = "UIInterfaceOrientationPortrait UIInterfaceOrientationLandscapeLeft UIInterfaceOrientationLandscapeRight";
				IPHONEOS_DEPLOYMENT_TARGET = 14.0;
				LD_RUNPATH_SEARCH_PATHS = (
					"$(inherited)",
					"@executable_path/Frameworks",
				);
				MARKETING_VERSION = 1.0;
				PRODUCT_BUNDLE_IDENTIFIER = com.kaww.Demoapp;
				PRODUCT_NAME = "$(TARGET_NAME)";
				SWIFT_EMIT_LOC_STRINGS = YES;
				SWIFT_VERSION = 5.0;
				TARGETED_DEVICE_FAMILY = "1,2";
			};
			name = Release;
		};
/* End XCBuildConfiguration section */

/* Begin XCConfigurationList section */
		59235074273808D200EC2AAD /* Build configuration list for PBXProject "Demoapp" */ = {
			isa = XCConfigurationList;
			buildConfigurations = (
				59235085273808D400EC2AAD /* Debug */,
				59235086273808D400EC2AAD /* Release */,
			);
			defaultConfigurationIsVisible = 0;
			defaultConfigurationName = Release;
		};
		59235087273808D400EC2AAD /* Build configuration list for PBXNativeTarget "Demoapp" */ = {
			isa = XCConfigurationList;
			buildConfigurations = (
				59235088273808D400EC2AAD /* Debug */,
				59235089273808D400EC2AAD /* Release */,
			);
			defaultConfigurationIsVisible = 0;
			defaultConfigurationName = Release;
		};
/* End XCConfigurationList section */

/* Begin XCRemoteSwiftPackageReference section */
		498712242768919A00604A3A /* XCRemoteSwiftPackageReference "BottomSheet" */ = {
			isa = XCRemoteSwiftPackageReference;
			repositoryURL = "https://github.com/Kaww/BottomSheet";
			requirement = {
				branch = main;
				kind = branch;
			};
		};
/* End XCRemoteSwiftPackageReference section */

/* Begin XCSwiftPackageProductDependency section */
		498712252768919A00604A3A /* BottomSheet */ = {
			isa = XCSwiftPackageProductDependency;
			package = 498712242768919A00604A3A /* XCRemoteSwiftPackageReference "BottomSheet" */;
			productName = BottomSheet;
		};
/* End XCSwiftPackageProductDependency section */
	};
	rootObject = 59235071273808D200EC2AAD /* Project object */;
}
